// !$*UTF8*$!
{
	archiveVersion = 1;
	classes = {
	};
	objectVersion = 56;
	objects = {

/* Begin PBXBuildFile section */
		AA7478802AF75B9A00B2D252 /* RAG_v01App.swift in Sources */ = {isa = PBXBuildFile; fileRef = AA74787F2AF75B9A00B2D252 /* RAG_v01App.swift */; };
		AA7478822AF75B9A00B2D252 /* ContentView.swift in Sources */ = {isa = PBXBuildFile; fileRef = AA7478812AF75B9A00B2D252 /* ContentView.swift */; };
		AA7478842AF75B9B00B2D252 /* Assets.xcassets in Resources */ = {isa = PBXBuildFile; fileRef = AA7478832AF75B9B00B2D252 /* Assets.xcassets */; };
		AA7478872AF75B9B00B2D252 /* Preview Assets.xcassets in Resources */ = {isa = PBXBuildFile; fileRef = AA7478862AF75B9B00B2D252 /* Preview Assets.xcassets */; };
		AA74788E2AF75BE700B2D252 /* MultiTabView.swift in Sources */ = {isa = PBXBuildFile; fileRef = AA74788D2AF75BE700B2D252 /* MultiTabView.swift */; };
		AA7478902AF75C1A00B2D252 /* ChatGPTView.swift in Sources */ = {isa = PBXBuildFile; fileRef = AA74788F2AF75C1A00B2D252 /* ChatGPTView.swift */; };
		AA7478922AF75C4B00B2D252 /* Secret.plist in Resources */ = {isa = PBXBuildFile; fileRef = AA7478912AF75C4B00B2D252 /* Secret.plist */; };
		AA7478942AF75CEA00B2D252 /* ViewModel.swift in Sources */ = {isa = PBXBuildFile; fileRef = AA7478932AF75CEA00B2D252 /* ViewModel.swift */; };
		AA7478962AF75D0E00B2D252 /* MessageRowView.swift in Sources */ = {isa = PBXBuildFile; fileRef = AA7478952AF75D0E00B2D252 /* MessageRowView.swift */; };
		AA7478982AF75D3400B2D252 /* DotLoadingView.swift in Sources */ = {isa = PBXBuildFile; fileRef = AA7478972AF75D3400B2D252 /* DotLoadingView.swift */; };
		AA74789A2AF75D5200B2D252 /* LLMClient.swift in Sources */ = {isa = PBXBuildFile; fileRef = AA7478992AF75D5200B2D252 /* LLMClient.swift */; };
		AA74789C2AF75D6D00B2D252 /* ChatGPTAPI.swift in Sources */ = {isa = PBXBuildFile; fileRef = AA74789B2AF75D6D00B2D252 /* ChatGPTAPI.swift */; };
/* End PBXBuildFile section */

/* Begin PBXFileReference section */
		AA74787C2AF75B9A00B2D252 /* RAG_v01.app */ = {isa = PBXFileReference; explicitFileType = wrapper.application; includeInIndex = 0; path = RAG_v01.app; sourceTree = BUILT_PRODUCTS_DIR; };
		AA74787F2AF75B9A00B2D252 /* RAG_v01App.swift */ = {isa = PBXFileReference; lastKnownFileType = sourcecode.swift; path = RAG_v01App.swift; sourceTree = "<group>"; };
		AA7478812AF75B9A00B2D252 /* ContentView.swift */ = {isa = PBXFileReference; lastKnownFileType = sourcecode.swift; path = ContentView.swift; sourceTree = "<group>"; };
		AA7478832AF75B9B00B2D252 /* Assets.xcassets */ = {isa = PBXFileReference; lastKnownFileType = folder.assetcatalog; path = Assets.xcassets; sourceTree = "<group>"; };
		AA7478862AF75B9B00B2D252 /* Preview Assets.xcassets */ = {isa = PBXFileReference; lastKnownFileType = folder.assetcatalog; path = "Preview Assets.xcassets"; sourceTree = "<group>"; };
		AA74788D2AF75BE700B2D252 /* MultiTabView.swift */ = {isa = PBXFileReference; lastKnownFileType = sourcecode.swift; path = MultiTabView.swift; sourceTree = "<group>"; };
		AA74788F2AF75C1A00B2D252 /* ChatGPTView.swift */ = {isa = PBXFileReference; lastKnownFileType = sourcecode.swift; path = ChatGPTView.swift; sourceTree = "<group>"; };
		AA7478912AF75C4B00B2D252 /* Secret.plist */ = {isa = PBXFileReference; lastKnownFileType = text.plist.xml; path = Secret.plist; sourceTree = "<group>"; };
		AA7478932AF75CEA00B2D252 /* ViewModel.swift */ = {isa = PBXFileReference; lastKnownFileType = sourcecode.swift; path = ViewModel.swift; sourceTree = "<group>"; };
		AA7478952AF75D0E00B2D252 /* MessageRowView.swift */ = {isa = PBXFileReference; lastKnownFileType = sourcecode.swift; path = MessageRowView.swift; sourceTree = "<group>"; };
		AA7478972AF75D3400B2D252 /* DotLoadingView.swift */ = {isa = PBXFileReference; lastKnownFileType = sourcecode.swift; path = DotLoadingView.swift; sourceTree = "<group>"; };
		AA7478992AF75D5200B2D252 /* LLMClient.swift */ = {isa = PBXFileReference; lastKnownFileType = sourcecode.swift; path = LLMClient.swift; sourceTree = "<group>"; };
		AA74789B2AF75D6D00B2D252 /* ChatGPTAPI.swift */ = {isa = PBXFileReference; lastKnownFileType = sourcecode.swift; path = ChatGPTAPI.swift; sourceTree = "<group>"; };
/* End PBXFileReference section */

/* Begin PBXFrameworksBuildPhase section */
		AA7478792AF75B9A00B2D252 /* Frameworks */ = {
			isa = PBXFrameworksBuildPhase;
			buildActionMask = 2147483647;
			files = (
			);
			runOnlyForDeploymentPostprocessing = 0;
		};
/* End PBXFrameworksBuildPhase section */

/* Begin PBXGroup section */
		AA7478732AF75B9A00B2D252 = {
			isa = PBXGroup;
			children = (
				AA74787E2AF75B9A00B2D252 /* RAG_v01 */,
				AA74787D2AF75B9A00B2D252 /* Products */,
			);
			sourceTree = "<group>";
		};
		AA74787D2AF75B9A00B2D252 /* Products */ = {
			isa = PBXGroup;
			children = (
				AA74787C2AF75B9A00B2D252 /* RAG_v01.app */,
			);
			name = Products;
			sourceTree = "<group>";
		};
		AA74787E2AF75B9A00B2D252 /* RAG_v01 */ = {
			isa = PBXGroup;
			children = (
				AA74787F2AF75B9A00B2D252 /* RAG_v01App.swift */,
				AA7478812AF75B9A00B2D252 /* ContentView.swift */,
				AA7478932AF75CEA00B2D252 /* ViewModel.swift */,
				AA7478952AF75D0E00B2D252 /* MessageRowView.swift */,
				AA7478972AF75D3400B2D252 /* DotLoadingView.swift */,
				AA7478992AF75D5200B2D252 /* LLMClient.swift */,
				AA74789B2AF75D6D00B2D252 /* ChatGPTAPI.swift */,
				AA74788D2AF75BE700B2D252 /* MultiTabView.swift */,
				AA74788F2AF75C1A00B2D252 /* ChatGPTView.swift */,
				AA7478912AF75C4B00B2D252 /* Secret.plist */,
				AA7478832AF75B9B00B2D252 /* Assets.xcassets */,
				AA7478852AF75B9B00B2D252 /* Preview Content */,
			);
			path = RAG_v01;
			sourceTree = "<group>";
		};
		AA7478852AF75B9B00B2D252 /* Preview Content */ = {
			isa = PBXGroup;
			children = (
				AA7478862AF75B9B00B2D252 /* Preview Assets.xcassets */,
			);
			path = "Preview Content";
			sourceTree = "<group>";
		};
/* End PBXGroup section */

/* Begin PBXNativeTarget section */
		AA74787B2AF75B9A00B2D252 /* RAG_v01 */ = {
			isa = PBXNativeTarget;
			buildConfigurationList = AA74788A2AF75B9B00B2D252 /* Build configuration list for PBXNativeTarget "RAG_v01" */;
			buildPhases = (
				AA7478782AF75B9A00B2D252 /* Sources */,
				AA7478792AF75B9A00B2D252 /* Frameworks */,
				AA74787A2AF75B9A00B2D252 /* Resources */,
			);
			buildRules = (
			);
			dependencies = (
			);
			name = RAG_v01;
			productName = RAG_v01;
			productReference = AA74787C2AF75B9A00B2D252 /* RAG_v01.app */;
			productType = "com.apple.product-type.application";
		};
/* End PBXNativeTarget section */

/* Begin PBXProject section */
		AA7478742AF75B9A00B2D252 /* Project object */ = {
			isa = PBXProject;
			attributes = {
				BuildIndependentTargetsInParallel = 1;
				LastSwiftUpdateCheck = 1500;
				LastUpgradeCheck = 1500;
				TargetAttributes = {
					AA74787B2AF75B9A00B2D252 = {
						CreatedOnToolsVersion = 15.0.1;
					};
				};
			};
			buildConfigurationList = AA7478772AF75B9A00B2D252 /* Build configuration list for PBXProject "RAG_v01" */;
			compatibilityVersion = "Xcode 14.0";
			developmentRegion = en;
			hasScannedForEncodings = 0;
			knownRegions = (
				en,
				Base,
			);
			mainGroup = AA7478732AF75B9A00B2D252;
			productRefGroup = AA74787D2AF75B9A00B2D252 /* Products */;
			projectDirPath = "";
			projectRoot = "";
			targets = (
				AA74787B2AF75B9A00B2D252 /* RAG_v01 */,
			);
		};
/* End PBXProject section */

/* Begin PBXResourcesBuildPhase section */
		AA74787A2AF75B9A00B2D252 /* Resources */ = {
			isa = PBXResourcesBuildPhase;
			buildActionMask = 2147483647;
			files = (
				AA7478922AF75C4B00B2D252 /* Secret.plist in Resources */,
				AA7478872AF75B9B00B2D252 /* Preview Assets.xcassets in Resources */,
				AA7478842AF75B9B00B2D252 /* Assets.xcassets in Resources */,
			);
			runOnlyForDeploymentPostprocessing = 0;
		};
/* End PBXResourcesBuildPhase section */

/* Begin PBXSourcesBuildPhase section */
		AA7478782AF75B9A00B2D252 /* Sources */ = {
			isa = PBXSourcesBuildPhase;
			buildActionMask = 2147483647;
			files = (
				AA7478942AF75CEA00B2D252 /* ViewModel.swift in Sources */,
				AA7478982AF75D3400B2D252 /* DotLoadingView.swift in Sources */,
				AA74788E2AF75BE700B2D252 /* MultiTabView.swift in Sources */,
				AA74789C2AF75D6D00B2D252 /* ChatGPTAPI.swift in Sources */,
				AA7478822AF75B9A00B2D252 /* ContentView.swift in Sources */,
				AA7478962AF75D0E00B2D252 /* MessageRowView.swift in Sources */,
				AA7478902AF75C1A00B2D252 /* ChatGPTView.swift in Sources */,
				AA74789A2AF75D5200B2D252 /* LLMClient.swift in Sources */,
				AA7478802AF75B9A00B2D252 /* RAG_v01App.swift in Sources */,
			);
			runOnlyForDeploymentPostprocessing = 0;
		};
/* End PBXSourcesBuildPhase section */

/* Begin XCBuildConfiguration section */
		AA7478882AF75B9B00B2D252 /* Debug */ = {
			isa = XCBuildConfiguration;
			buildSettings = {
				ALWAYS_SEARCH_USER_PATHS = NO;
				ASSETCATALOG_COMPILER_GENERATE_SWIFT_ASSET_SYMBOL_EXTENSIONS = YES;
				CLANG_ANALYZER_NONNULL = YES;
				CLANG_ANALYZER_NUMBER_OBJECT_CONVERSION = YES_AGGRESSIVE;
				CLANG_CXX_LANGUAGE_STANDARD = "gnu++20";
				CLANG_ENABLE_MODULES = YES;
				CLANG_ENABLE_OBJC_ARC = YES;
				CLANG_ENABLE_OBJC_WEAK = YES;
				CLANG_WARN_BLOCK_CAPTURE_AUTORELEASING = YES;
				CLANG_WARN_BOOL_CONVERSION = YES;
				CLANG_WARN_COMMA = YES;
				CLANG_WARN_CONSTANT_CONVERSION = YES;
				CLANG_WARN_DEPRECATED_OBJC_IMPLEMENTATIONS = YES;
				CLANG_WARN_DIRECT_OBJC_ISA_USAGE = YES_ERROR;
				CLANG_WARN_DOCUMENTATION_COMMENTS = YES;
				CLANG_WARN_EMPTY_BODY = YES;
				CLANG_WARN_ENUM_CONVERSION = YES;
				CLANG_WARN_INFINITE_RECURSION = YES;
				CLANG_WARN_INT_CONVERSION = YES;
				CLANG_WARN_NON_LITERAL_NULL_CONVERSION = YES;
				CLANG_WARN_OBJC_IMPLICIT_RETAIN_SELF = YES;
				CLANG_WARN_OBJC_LITERAL_CONVERSION = YES;
				CLANG_WARN_OBJC_ROOT_CLASS = YES_ERROR;
				CLANG_WARN_QUOTED_INCLUDE_IN_FRAMEWORK_HEADER = YES;
				CLANG_WARN_RANGE_LOOP_ANALYSIS = YES;
				CLANG_WARN_STRICT_PROTOTYPES = YES;
				CLANG_WARN_SUSPICIOUS_MOVE = YES;
				CLANG_WARN_UNGUARDED_AVAILABILITY = YES_AGGRESSIVE;
				CLANG_WARN_UNREACHABLE_CODE = YES;
				CLANG_WARN__DUPLICATE_METHOD_MATCH = YES;
				COPY_PHASE_STRIP = NO;
				DEBUG_INFORMATION_FORMAT = dwarf;
				ENABLE_STRICT_OBJC_MSGSEND = YES;
				ENABLE_TESTABILITY = YES;
				ENABLE_USER_SCRIPT_SANDBOXING = YES;
				GCC_C_LANGUAGE_STANDARD = gnu17;
				GCC_DYNAMIC_NO_PIC = NO;
				GCC_NO_COMMON_BLOCKS = YES;
				GCC_OPTIMIZATION_LEVEL = 0;
				GCC_PREPROCESSOR_DEFINITIONS = (
					"DEBUG=1",
					"$(inherited)",
				);
				GCC_WARN_64_TO_32_BIT_CONVERSION = YES;
				GCC_WARN_ABOUT_RETURN_TYPE = YES_ERROR;
				GCC_WARN_UNDECLARED_SELECTOR = YES;
				GCC_WARN_UNINITIALIZED_AUTOS = YES_AGGRESSIVE;
				GCC_WARN_UNUSED_FUNCTION = YES;
				GCC_WARN_UNUSED_VARIABLE = YES;
				IPHONEOS_DEPLOYMENT_TARGET = 17.0;
				LOCALIZATION_PREFERS_STRING_CATALOGS = YES;
				MTL_ENABLE_DEBUG_INFO = INCLUDE_SOURCE;
				MTL_FAST_MATH = YES;
				ONLY_ACTIVE_ARCH = YES;
				SDKROOT = iphoneos;
				SWIFT_ACTIVE_COMPILATION_CONDITIONS = "DEBUG $(inherited)";
				SWIFT_OPTIMIZATION_LEVEL = "-Onone";
			};
			name = Debug;
		};
		AA7478892AF75B9B00B2D252 /* Release */ = {
			isa = XCBuildConfiguration;
			buildSettings = {
				ALWAYS_SEARCH_USER_PATHS = NO;
				ASSETCATALOG_COMPILER_GENERATE_SWIFT_ASSET_SYMBOL_EXTENSIONS = YES;
				CLANG_ANALYZER_NONNULL = YES;
				CLANG_ANALYZER_NUMBER_OBJECT_CONVERSION = YES_AGGRESSIVE;
				CLANG_CXX_LANGUAGE_STANDARD = "gnu++20";
				CLANG_ENABLE_MODULES = YES;
				CLANG_ENABLE_OBJC_ARC = YES;
				CLANG_ENABLE_OBJC_WEAK = YES;
				CLANG_WARN_BLOCK_CAPTURE_AUTORELEASING = YES;
				CLANG_WARN_BOOL_CONVERSION = YES;
				CLANG_WARN_COMMA = YES;
				CLANG_WARN_CONSTANT_CONVERSION = YES;
				CLANG_WARN_DEPRECATED_OBJC_IMPLEMENTATIONS = YES;
				CLANG_WARN_DIRECT_OBJC_ISA_USAGE = YES_ERROR;
				CLANG_WARN_DOCUMENTATION_COMMENTS = YES;
				CLANG_WARN_EMPTY_BODY = YES;
				CLANG_WARN_ENUM_CONVERSION = YES;
				CLANG_WARN_INFINITE_RECURSION = YES;
				CLANG_WARN_INT_CONVERSION = YES;
				CLANG_WARN_NON_LITERAL_NULL_CONVERSION = YES;
				CLANG_WARN_OBJC_IMPLICIT_RETAIN_SELF = YES;
				CLANG_WARN_OBJC_LITERAL_CONVERSION = YES;
				CLANG_WARN_OBJC_ROOT_CLASS = YES_ERROR;
				CLANG_WARN_QUOTED_INCLUDE_IN_FRAMEWORK_HEADER = YES;
				CLANG_WARN_RANGE_LOOP_ANALYSIS = YES;
				CLANG_WARN_STRICT_PROTOTYPES = YES;
				CLANG_WARN_SUSPICIOUS_MOVE = YES;
				CLANG_WARN_UNGUARDED_AVAILABILITY = YES_AGGRESSIVE;
				CLANG_WARN_UNREACHABLE_CODE = YES;
				CLANG_WARN__DUPLICATE_METHOD_MATCH = YES;
				COPY_PHASE_STRIP = NO;
				DEBUG_INFORMATION_FORMAT = "dwarf-with-dsym";
				ENABLE_NS_ASSERTIONS = NO;
				ENABLE_STRICT_OBJC_MSGSEND = YES;
				ENABLE_USER_SCRIPT_SANDBOXING = YES;
				GCC_C_LANGUAGE_STANDARD = gnu17;
				GCC_NO_COMMON_BLOCKS = YES;
				GCC_WARN_64_TO_32_BIT_CONVERSION = YES;
				GCC_WARN_ABOUT_RETURN_TYPE = YES_ERROR;
				GCC_WARN_UNDECLARED_SELECTOR = YES;
				GCC_WARN_UNINITIALIZED_AUTOS = YES_AGGRESSIVE;
				GCC_WARN_UNUSED_FUNCTION = YES;
				GCC_WARN_UNUSED_VARIABLE = YES;
				IPHONEOS_DEPLOYMENT_TARGET = 17.0;
				LOCALIZATION_PREFERS_STRING_CATALOGS = YES;
				MTL_ENABLE_DEBUG_INFO = NO;
				MTL_FAST_MATH = YES;
				SDKROOT = iphoneos;
				SWIFT_COMPILATION_MODE = wholemodule;
				VALIDATE_PRODUCT = YES;
			};
			name = Release;
		};
		AA74788B2AF75B9B00B2D252 /* Debug */ = {
			isa = XCBuildConfiguration;
			buildSettings = {
				ASSETCATALOG_COMPILER_APPICON_NAME = AppIcon;
				ASSETCATALOG_COMPILER_GLOBAL_ACCENT_COLOR_NAME = AccentColor;
				CODE_SIGN_STYLE = Automatic;
				CURRENT_PROJECT_VERSION = 1;
				DEVELOPMENT_ASSET_PATHS = "\"RAG_v01/Preview Content\"";
				DEVELOPMENT_TEAM = T4JB96P77H;
				ENABLE_PREVIEWS = YES;
				GENERATE_INFOPLIST_FILE = YES;
				INFOPLIST_KEY_UIApplicationSceneManifest_Generation = YES;
				INFOPLIST_KEY_UIApplicationSupportsIndirectInputEvents = YES;
				INFOPLIST_KEY_UILaunchScreen_Generation = YES;
				INFOPLIST_KEY_UISupportedInterfaceOrientations_iPad = "UIInterfaceOrientationPortrait UIInterfaceOrientationPortraitUpsideDown UIInterfaceOrientationLandscapeLeft UIInterfaceOrientationLandscapeRight";
				INFOPLIST_KEY_UISupportedInterfaceOrientations_iPhone = "UIInterfaceOrientationPortrait UIInterfaceOrientationLandscapeLeft UIInterfaceOrientationLandscapeRight";
				LD_RUNPATH_SEARCH_PATHS = (
					"$(inherited)",
					"@executable_path/Frameworks",
				);
				MARKETING_VERSION = 1.0;
				PRODUCT_BUNDLE_IDENTIFIER = "world.aiclub.RAG-v01";
				PRODUCT_NAME = "$(TARGET_NAME)";
				SWIFT_EMIT_LOC_STRINGS = YES;
				SWIFT_VERSION = 5.0;
				TARGETED_DEVICE_FAMILY = "1,2";
			};
			name = Debug;
		};
		AA74788C2AF75B9B00B2D252 /* Release */ = {
			isa = XCBuildConfiguration;
			buildSettings = {
				ASSETCATALOG_COMPILER_APPICON_NAME = AppIcon;
				ASSETCATALOG_COMPILER_GLOBAL_ACCENT_COLOR_NAME = AccentColor;
				CODE_SIGN_STYLE = Automatic;
				CURRENT_PROJECT_VERSION = 1;
				DEVELOPMENT_ASSET_PATHS = "\"RAG_v01/Preview Content\"";
				DEVELOPMENT_TEAM = T4JB96P77H;
				ENABLE_PREVIEWS = YES;
				GENERATE_INFOPLIST_FILE = YES;
				INFOPLIST_KEY_UIApplicationSceneManifest_Generation = YES;
				INFOPLIST_KEY_UIApplicationSupportsIndirectInputEvents = YES;
				INFOPLIST_KEY_UILaunchScreen_Generation = YES;
				INFOPLIST_KEY_UISupportedInterfaceOrientations_iPad = "UIInterfaceOrientationPortrait UIInterfaceOrientationPortraitUpsideDown UIInterfaceOrientationLandscapeLeft UIInterfaceOrientationLandscapeRight";
				INFOPLIST_KEY_UISupportedInterfaceOrientations_iPhone = "UIInterfaceOrientationPortrait UIInterfaceOrientationLandscapeLeft UIInterfaceOrientationLandscapeRight";
				LD_RUNPATH_SEARCH_PATHS = (
					"$(inherited)",
					"@executable_path/Frameworks",
				);
				MARKETING_VERSION = 1.0;
				PRODUCT_BUNDLE_IDENTIFIER = "world.aiclub.RAG-v01";
				PRODUCT_NAME = "$(TARGET_NAME)";
				SWIFT_EMIT_LOC_STRINGS = YES;
				SWIFT_VERSION = 5.0;
				TARGETED_DEVICE_FAMILY = "1,2";
			};
			name = Release;
		};
/* End XCBuildConfiguration section */

/* Begin XCConfigurationList section */
		AA7478772AF75B9A00B2D252 /* Build configuration list for PBXProject "RAG_v01" */ = {
			isa = XCConfigurationList;
			buildConfigurations = (
				AA7478882AF75B9B00B2D252 /* Debug */,
				AA7478892AF75B9B00B2D252 /* Release */,
			);
			defaultConfigurationIsVisible = 0;
			defaultConfigurationName = Release;
		};
		AA74788A2AF75B9B00B2D252 /* Build configuration list for PBXNativeTarget "RAG_v01" */ = {
			isa = XCConfigurationList;
			buildConfigurations = (
				AA74788B2AF75B9B00B2D252 /* Debug */,
				AA74788C2AF75B9B00B2D252 /* Release */,
			);
			defaultConfigurationIsVisible = 0;
			defaultConfigurationName = Release;
		};
/* End XCConfigurationList section */
	};
	rootObject = AA7478742AF75B9A00B2D252 /* Project object */;
}
